
Microsoft Visual Studio Solution File, Format Version 12.00
# Visual Studio Version 17
VisualStudioVersion = 17.4.33110.190
MinimumVisualStudioVersion = 10.0.40219.1
Project("{FAE04EC0-301F-11D3-BF4B-00C04F79EFBC}") = "Vaccine Distribution", "Vaccine Distribution\Vaccine Distribution.csproj", "{1B12A41E-C1C1-4225-96B4-8FAB9C96F351}"
EndProject
Global
	GlobalSection(SolutionConfigurationPlatforms) = preSolution
		Debug|Any CPU = Debug|Any CPU
		Release|Any CPU = Release|Any CPU
	EndGlobalSection
	GlobalSection(ProjectConfigurationPlatforms) = postSolution
		{1B12A41E-C1C1-4225-96B4-8FAB9C96F351}.Debug|Any CPU.ActiveCfg = Debug|Any CPU
		{1B12A41E-C1C1-4225-96B4-8FAB9C96F351}.Debug|Any CPU.Build.0 = Debug|Any CPU
		{1B12A41E-C1C1-4225-96B4-8FAB9C96F351}.Release|Any CPU.ActiveCfg = Release|Any CPU
		{1B12A41E-C1C1-4225-96B4-8FAB9C96F351}.Release|Any CPU.Build.0 = Release|Any CPU
	EndGlobalSection
	GlobalSection(SolutionProperties) = preSolution
		HideSolutionNode = FALSE
	EndGlobalSection
	GlobalSection(ExtensibilityGlobals) = postSolution
		SolutionGuid = {B11483A4-A39F-44F3-B78C-652BBBF21AD0}
	EndGlobalSection
EndGlobal
